
Microsoft Visual Studio Solution File, Format Version 12.00
# Visual Studio Version 17
VisualStudioVersion = 17.5.002.0
MinimumVisualStudioVersion = 10.0.40219.1
Project("{9A19103F-16F7-4668-BE54-9A1E7A4F7556}") = "bootcampOAuthRepo", "bootcampOAuthRepo.csproj", "{FC078FB4-E65A-4E12-9B11-D4CF30CC1D14}"
EndProject
Global
	GlobalSection(SolutionConfigurationPlatforms) = preSolution
		Debug|Any CPU = Debug|Any CPU
		Release|Any CPU = Release|Any CPU
	EndGlobalSection
	GlobalSection(ProjectConfigurationPlatforms) = postSolution
		{FC078FB4-E65A-4E12-9B11-D4CF30CC1D14}.Debug|Any CPU.ActiveCfg = Debug|Any CPU
		{FC078FB4-E65A-4E12-9B11-D4CF30CC1D14}.Debug|Any CPU.Build.0 = Debug|Any CPU
		{FC078FB4-E65A-4E12-9B11-D4CF30CC1D14}.Release|Any CPU.ActiveCfg = Release|Any CPU
		{FC078FB4-E65A-4E12-9B11-D4CF30CC1D14}.Release|Any CPU.Build.0 = Release|Any CPU
	EndGlobalSection
	GlobalSection(SolutionProperties) = preSolution
		HideSolutionNode = FALSE
	EndGlobalSection
	GlobalSection(ExtensibilityGlobals) = postSolution
		SolutionGuid = {636FDF9E-6690-42D3-B9E2-EC470E6EA3AE}
	EndGlobalSection
EndGlobal
